
Microsoft Visual Studio Solution File, Format Version 12.00
# Visual Studio Version 17
VisualStudioVersion = 17.6.33723.286
MinimumVisualStudioVersion = 10.0.40219.1
Project("{FAE04EC0-301F-11D3-BF4B-00C04F79EFBC}") = "AutoBaseBuilder", "Mods\AutoBaseBuilder\AutoBaseBuilder.csproj", "{4069FB6B-DC75-4192-8208-1BF2C0EF7227}"
EndProject
Project("{9A19103F-16F7-4668-BE54-9A1E7A4F7556}") = "ModLocalization", "Tools\ModLocalization\ModLocalization.csproj", "{49223BED-9894-4A1F-8F4C-EDFBC65A385F}"
EndProject
Project("{9A19103F-16F7-4668-BE54-9A1E7A4F7556}") = "ModLocalization.Test", "Tools\ModLocalization.Test\ModLocalization.Test.csproj", "{FAF4D4FC-5757-4BC5-9472-F2F4834115B0}"
EndProject
Project("{2150E333-8FDC-42A3-9474-1A3956D46DE8}") = "Tools", "Tools", "{0603F60B-B94E-46CD-8AF1-FC56134968CB}"
EndProject
Global
	GlobalSection(SolutionConfigurationPlatforms) = preSolution
		Debug|Any CPU = Debug|Any CPU
		Release|Any CPU = Release|Any CPU
	EndGlobalSection
	GlobalSection(ProjectConfigurationPlatforms) = postSolution
		{4069FB6B-DC75-4192-8208-1BF2C0EF7227}.Debug|Any CPU.ActiveCfg = Debug|Any CPU
		{4069FB6B-DC75-4192-8208-1BF2C0EF7227}.Debug|Any CPU.Build.0 = Debug|Any CPU
		{4069FB6B-DC75-4192-8208-1BF2C0EF7227}.Release|Any CPU.ActiveCfg = Release|Any CPU
		{4069FB6B-DC75-4192-8208-1BF2C0EF7227}.Release|Any CPU.Build.0 = Release|Any CPU
		{49223BED-9894-4A1F-8F4C-EDFBC65A385F}.Debug|Any CPU.ActiveCfg = Debug|Any CPU
		{49223BED-9894-4A1F-8F4C-EDFBC65A385F}.Release|Any CPU.ActiveCfg = Release|Any CPU
		{49223BED-9894-4A1F-8F4C-EDFBC65A385F}.Release|Any CPU.Build.0 = Release|Any CPU
		{FAF4D4FC-5757-4BC5-9472-F2F4834115B0}.Debug|Any CPU.ActiveCfg = Debug|Any CPU
		{FAF4D4FC-5757-4BC5-9472-F2F4834115B0}.Release|Any CPU.ActiveCfg = Release|Any CPU
		{FAF4D4FC-5757-4BC5-9472-F2F4834115B0}.Release|Any CPU.Build.0 = Release|Any CPU
	EndGlobalSection
	GlobalSection(SolutionProperties) = preSolution
		HideSolutionNode = FALSE
	EndGlobalSection
	GlobalSection(NestedProjects) = preSolution
		{49223BED-9894-4A1F-8F4C-EDFBC65A385F} = {0603F60B-B94E-46CD-8AF1-FC56134968CB}
		{FAF4D4FC-5757-4BC5-9472-F2F4834115B0} = {0603F60B-B94E-46CD-8AF1-FC56134968CB}
	EndGlobalSection
	GlobalSection(ExtensibilityGlobals) = postSolution
		SolutionGuid = {B9A589D3-0655-4E9D-AF93-8ADE680274D0}
	EndGlobalSection
EndGlobal
